lockfileVersion: '9.0'

settings:
  autoInstallPeers: true
  excludeLinksFromLockfile: false

importers:

  .:
    devDependencies:
      '@chllming/wave-orchestration':
        specifier: 0.6.3
        version: 0.6.3

packages:

  '@chllming/wave-orchestration@0.6.3':
    resolution: {integrity: sha512-uy8nsbiZfAT88nxBJK5ze5YxzBulqZnxttSjOvoADp2J0gZsuXr9VBeE3OgsSOB9EkDQlhKh+i9APq2BFw1dTw==}
    hasBin: true

snapshots:

  '@chllming/wave-orchestration@0.6.3': {}
