lockfileVersion: '9.0'

settings:
  autoInstallPeers: true
  excludeLinksFromLockfile: false

importers:

  .:
    devDependencies:
      '@chllming/wave-orchestration':
        specifier: 0.9.15
        version: 0.9.15

packages:

  '@chllming/wave-orchestration@0.9.15':
    resolution: {integrity: sha512-9SbbVvOrgT5O+c3vuvqDaXInkUp/ldZrSk+dOH2SR4t7XkWpjcUcG7Fi2AKXgeW6IxxakGhlCLjWYYjKVSdn5g==}
    hasBin: true

snapshots:

  '@chllming/wave-orchestration@0.9.15': {}
